{
  "name": "a0r2-dukascopy-bi5-independent",
  "version": "1.0.0",
  "lockfileVersion": 3,
  "requires": true,
  "packages": {
    "": {
      "name": "a0r2-dukascopy-bi5-independent",
      "version": "1.0.0",
      "dependencies": {
        "lzma-purejs-requirejs": "1.0.0"
      }
    },
    "node_modules/amdefine": {
      "version": "0.1.1",
      "resolved": "https://registry.npmjs.org/amdefine/-/amdefine-0.1.1.tgz",
      "integrity": "sha512-cE/769sItEDt5sSdqmrWMsat+XaA5FJiEou+ZwlY7ef/Jf/517k6nYyUIRPR2o/QbpBg4FiYXj9GyRGNg5f/bg==",
      "engines": {
        "node": ">=0.4.2"
      }
    },
    "node_modules/commander": {
      "version": "2.2.0",
      "resolved": "https://registry.npmjs.org/commander/-/commander-2.2.0.tgz",
      "integrity": "sha512-U6hBkeIsoeE81B+yas9uVF4YYVcVoBCwb1e314VPyvVQubFwvnTAuc1oUQ6VuMPYUS4Rf1gzr0wTVLvs4sb5Pw==",
      "engines": {
        "node": ">= 0.6.x"
      }
    },
    "node_modules/lzma-purejs-requirejs": {
      "version": "1.0.0",
      "resolved": "https://registry.npmjs.org/lzma-purejs-requirejs/-/lzma-purejs-requirejs-1.0.0.tgz",
      "integrity": "sha512-nQgC+oDmBKPdWoC//X51scWTN5D3zdIL7oN+plbKjhZ+u5LAZsF0/yIiYTNtj+TjB1o6mp9R4Ey5DW6elBEu8w==",
      "dependencies": {
        "amdefine": "~0.1.0",
        "commander": "~2.2.0"
      },
      "bin": {
        "lzmajs": "bin/lzmajs"
      }
    }
  }
}
